Microsoft Visual Studio Solution File, Format Version 11.00
# Visual Studio 2008

Project("{B8205AAA-E408-88E4-3D29-3813224F3E92}") = "VirtualPercept_Unity5", "Assembly-CSharp-firstpass.csproj", "{AB064BF7-8356-CBAD-F97C-85D7669A74EE}"
EndProject
Project("{B8205AAA-E408-88E4-3D29-3813224F3E92}") = "VirtualPercept_Unity5", "Assembly-CSharp.csproj", "{70FA03FE-4856-3D2F-BC5A-4568C6FADF1A}"
EndProject
Project("{B8205AAA-E408-88E4-3D29-3813224F3E92}") = "VirtualPercept_Unity5", "Assembly-CSharp-Editor.csproj", "{51AF125D-ABBE-4571-0ADD-EE4F77DC13E7}"
EndProject
Global
	GlobalSection(SolutionConfigurationPlatforms) = preSolution
		Debug|Any CPU = Debug|Any CPU
		Release|Any CPU = Release|Any CPU
	EndGlobalSection
	GlobalSection(ProjectConfigurationPlatforms) = postSolution
		{AB064BF7-8356-CBAD-F97C-85D7669A74EE}.Debug|Any CPU.ActiveCfg = Debug|Any CPU
		{AB064BF7-8356-CBAD-F97C-85D7669A74EE}.Debug|Any CPU.Build.0 = Debug|Any CPU
		{AB064BF7-8356-CBAD-F97C-85D7669A74EE}.Release|Any CPU.ActiveCfg = Release|Any CPU
		{AB064BF7-8356-CBAD-F97C-85D7669A74EE}.Release|Any CPU.Build.0 = Release|Any CPU
		{70FA03FE-4856-3D2F-BC5A-4568C6FADF1A}.Debug|Any CPU.ActiveCfg = Debug|Any CPU
		{70FA03FE-4856-3D2F-BC5A-4568C6FADF1A}.Debug|Any CPU.Build.0 = Debug|Any CPU
		{70FA03FE-4856-3D2F-BC5A-4568C6FADF1A}.Release|Any CPU.ActiveCfg = Release|Any CPU
		{70FA03FE-4856-3D2F-BC5A-4568C6FADF1A}.Release|Any CPU.Build.0 = Release|Any CPU
		{51AF125D-ABBE-4571-0ADD-EE4F77DC13E7}.Debug|Any CPU.ActiveCfg = Debug|Any CPU
		{51AF125D-ABBE-4571-0ADD-EE4F77DC13E7}.Debug|Any CPU.Build.0 = Debug|Any CPU
		{51AF125D-ABBE-4571-0ADD-EE4F77DC13E7}.Release|Any CPU.ActiveCfg = Release|Any CPU
		{51AF125D-ABBE-4571-0ADD-EE4F77DC13E7}.Release|Any CPU.Build.0 = Release|Any CPU
	EndGlobalSection
	GlobalSection(SolutionProperties) = preSolution
		HideSolutionNode = FALSE
	EndGlobalSection
	GlobalSection(MonoDevelopProperties) = preSolution
		StartupItem = Assembly-CSharp.csproj
	EndGlobalSection
EndGlobal
